
Microsoft Visual Studio Solution File, Format Version 12.00
# Visual Studio Version 17
VisualStudioVersion = 17.6.33801.468
MinimumVisualStudioVersion = 10.0.40219.1
Project("{FAE04EC0-301F-11D3-BF4B-00C04F79EFBC}") = "AccentureEshop-2023", "AccentureEshop-2023\AccentureEshop-2023.csproj", "{DFEF5BD1-B1A7-4FE7-BD2E-C264D533C523}"
EndProject
Global
	GlobalSection(SolutionConfigurationPlatforms) = preSolution
		Debug|Any CPU = Debug|Any CPU
		Release|Any CPU = Release|Any CPU
	EndGlobalSection
	GlobalSection(ProjectConfigurationPlatforms) = postSolution
		{DFEF5BD1-B1A7-4FE7-BD2E-C264D533C523}.Debug|Any CPU.ActiveCfg = Debug|Any CPU
		{DFEF5BD1-B1A7-4FE7-BD2E-C264D533C523}.Debug|Any CPU.Build.0 = Debug|Any CPU
		{DFEF5BD1-B1A7-4FE7-BD2E-C264D533C523}.Release|Any CPU.ActiveCfg = Release|Any CPU
		{DFEF5BD1-B1A7-4FE7-BD2E-C264D533C523}.Release|Any CPU.Build.0 = Release|Any CPU
	EndGlobalSection
	GlobalSection(SolutionProperties) = preSolution
		HideSolutionNode = FALSE
	EndGlobalSection
	GlobalSection(ExtensibilityGlobals) = postSolution
		SolutionGuid = {B2FD97B2-0E00-456C-8623-CC8F0B70F505}
	EndGlobalSection
EndGlobal
